
Microsoft Visual Studio Solution File, Format Version 12.00
# Visual Studio Version 17
VisualStudioVersion = 17.2.32630.192
MinimumVisualStudioVersion = 10.0.40219.1
Project("{FAE04EC0-301F-11D3-BF4B-00C04F79EFBC}") = "Structs", "Structs\Structs.csproj", "{75DBCB52-D5CC-467D-BA70-F3568EF6F5D6}"
EndProject
Global
	GlobalSection(SolutionConfigurationPlatforms) = preSolution
		Debug|Any CPU = Debug|Any CPU
		Release|Any CPU = Release|Any CPU
	EndGlobalSection
	GlobalSection(ProjectConfigurationPlatforms) = postSolution
		{75DBCB52-D5CC-467D-BA70-F3568EF6F5D6}.Debug|Any CPU.ActiveCfg = Debug|Any CPU
		{75DBCB52-D5CC-467D-BA70-F3568EF6F5D6}.Debug|Any CPU.Build.0 = Debug|Any CPU
		{75DBCB52-D5CC-467D-BA70-F3568EF6F5D6}.Release|Any CPU.ActiveCfg = Release|Any CPU
		{75DBCB52-D5CC-467D-BA70-F3568EF6F5D6}.Release|Any CPU.Build.0 = Release|Any CPU
	EndGlobalSection
	GlobalSection(SolutionProperties) = preSolution
		HideSolutionNode = FALSE
	EndGlobalSection
	GlobalSection(ExtensibilityGlobals) = postSolution
		SolutionGuid = {C3BB09F9-F754-46EA-909F-70E9A9D26D25}
	EndGlobalSection
EndGlobal
